
Microsoft Visual Studio Solution File, Format Version 12.00
# Visual Studio Version 17
VisualStudioVersion = 17.4.33213.308
MinimumVisualStudioVersion = 10.0.40219.1
Project("{FAE04EC0-301F-11D3-BF4B-00C04F79EFBC}") = "PLEASE_DONT_OPEN_THE_CLOSED_DOOR", "PLEASE_DONT_OPEN_THE_CLOSED_DOOR\PLEASE_DONT_OPEN_THE_CLOSED_DOOR.csproj", "{639AA1C7-23B9-4849-97AB-A67A31F7DE60}"
EndProject
Global
	GlobalSection(SolutionConfigurationPlatforms) = preSolution
		Debug|Any CPU = Debug|Any CPU
		Release|Any CPU = Release|Any CPU
	EndGlobalSection
	GlobalSection(ProjectConfigurationPlatforms) = postSolution
		{639AA1C7-23B9-4849-97AB-A67A31F7DE60}.Debug|Any CPU.ActiveCfg = Debug|Any CPU
		{639AA1C7-23B9-4849-97AB-A67A31F7DE60}.Debug|Any CPU.Build.0 = Debug|Any CPU
		{639AA1C7-23B9-4849-97AB-A67A31F7DE60}.Release|Any CPU.ActiveCfg = Release|Any CPU
		{639AA1C7-23B9-4849-97AB-A67A31F7DE60}.Release|Any CPU.Build.0 = Release|Any CPU
	EndGlobalSection
	GlobalSection(SolutionProperties) = preSolution
		HideSolutionNode = FALSE
	EndGlobalSection
	GlobalSection(ExtensibilityGlobals) = postSolution
		SolutionGuid = {7B60F448-0434-419C-981E-3841DCD796D1}
	EndGlobalSection
EndGlobal
